{
  "nodes": {
    "armbian-build": {
      "flake": false,
      "locked": {
        "lastModified": 1786345721,
        "narHash": "sha256-qCJYQqY3beZh4T/uHJwtDHp1Gob/j2EwLjcXOq7KJ18=",
        "ref": "refs/heads/main",
        "rev": "bdbc12ec5f9954b1d62dc731c84616588cf695a4",
        "revCount": 18841,
        "type": "git",
        "url": "https://github.com/armbian/build.git"
      },
      "original": {
        "rev": "bdbc12ec5f9954b1d62dc731c84616588cf695a4",
        "type": "git",
        "url": "https://github.com/armbian/build.git"
      }
    },
    "nixpkgs": {
      "locked": {
        "lastModified": 1786599213,
        "narHash": "sha256-yNJd40f11EzXBjSByCB7IPpeFFAdeoSKKM67dGkfFoU=",
        "owner": "NixOS",
        "repo": "nixpkgs",
        "rev": "0e251e24a4f24e036a084b6b4b2d2491af4167f4",
        "type": "github"
      },
      "original": {
        "owner": "NixOS",
        "ref": "nixos-unstable",
        "repo": "nixpkgs",
        "type": "github"
      }
    },
    "root": {
      "inputs": {
        "armbian-build": "armbian-build",
        "nixpkgs": "nixpkgs"
      }
    }
  },
  "root": "root",
  "version": 7
}
