{
  "nodes": {
    "armbian-build": {
      "flake": false,
      "locked": {
        "lastModified": 1787553834,
        "narHash": "sha256-CK+SFpQItmkTN6JbZcbh7C8Ot3JP3eFR+CsNqy/3OjM=",
        "ref": "refs/heads/main",
        "rev": "3da49cffcb8ac58a919d86816fec4659c410ff1e",
        "revCount": 18992,
        "type": "git",
        "url": "https://github.com/armbian/build.git"
      },
      "original": {
        "rev": "3da49cffcb8ac58a919d86816fec4659c410ff1e",
        "type": "git",
        "url": "https://github.com/armbian/build.git"
      }
    },
    "nixpkgs": {
      "locked": {
        "lastModified": 1787736819,
        "narHash": "sha256-cV5xEJJK3BvhU8rEd4mC9UsmDi5qscv/kzGPhBRC5WA=",
        "owner": "NixOS",
        "repo": "nixpkgs",
        "rev": "9fbb54b33e91ee4ca368e35a78e0613c720600b3",
        "type": "github"
      },
      "original": {
        "owner": "NixOS",
        "ref": "nixos-unstable",
        "repo": "nixpkgs",
        "type": "github"
      }
    },
    "root": {
      "inputs": {
        "armbian-build": "armbian-build",
        "nixpkgs": "nixpkgs"
      }
    }
  },
  "root": "root",
  "version": 7
}
